
Microsoft Visual Studio Solution File, Format Version 12.00
# Visual Studio Version 17
VisualStudioVersion = 17.10.34928.147
MinimumVisualStudioVersion = 10.0.40219.1
Project("{FAE04EC0-301F-11D3-BF4B-00C04F79EFBC}") = "TaskManagement.Desktop", "TaskManagement.Desktop\TaskManagement.Desktop.csproj", "{05254C6F-6CD2-4E7E-92D1-EBC79426906B}"
EndProject
Project("{FAE04EC0-301F-11D3-BF4B-00C04F79EFBC}") = "TaskManagement.DataBase", "TaskManagement.DataBase\TaskManagement.DataBase.csproj", "{EAF2F0ED-81FD-4EEC-BC43-EF70823D4770}"
EndProject
Global
	GlobalSection(SolutionConfigurationPlatforms) = preSolution
		Debug|Any CPU = Debug|Any CPU
		Release|Any CPU = Release|Any CPU
	EndGlobalSection
	GlobalSection(ProjectConfigurationPlatforms) = postSolution
		{05254C6F-6CD2-4E7E-92D1-EBC79426906B}.Debug|Any CPU.ActiveCfg = Debug|Any CPU
		{05254C6F-6CD2-4E7E-92D1-EBC79426906B}.Debug|Any CPU.Build.0 = Debug|Any CPU
		{05254C6F-6CD2-4E7E-92D1-EBC79426906B}.Release|Any CPU.ActiveCfg = Release|Any CPU
		{05254C6F-6CD2-4E7E-92D1-EBC79426906B}.Release|Any CPU.Build.0 = Release|Any CPU
		{EAF2F0ED-81FD-4EEC-BC43-EF70823D4770}.Debug|Any CPU.ActiveCfg = Debug|Any CPU
		{EAF2F0ED-81FD-4EEC-BC43-EF70823D4770}.Debug|Any CPU.Build.0 = Debug|Any CPU
		{EAF2F0ED-81FD-4EEC-BC43-EF70823D4770}.Release|Any CPU.ActiveCfg = Release|Any CPU
		{EAF2F0ED-81FD-4EEC-BC43-EF70823D4770}.Release|Any CPU.Build.0 = Release|Any CPU
	EndGlobalSection
	GlobalSection(SolutionProperties) = preSolution
		HideSolutionNode = FALSE
	EndGlobalSection
	GlobalSection(ExtensibilityGlobals) = postSolution
		SolutionGuid = {540323EA-168F-420B-9131-7431D556E14E}
	EndGlobalSection
EndGlobal
